dependencies:
- name: gateway
  repository: https://istio-release.storage.googleapis.com/charts
  version: 1.25.2
- name: base
  repository: https://istio-release.storage.googleapis.com/charts
  version: 1.25.2
- name: istiod
  repository: https://istio-release.storage.googleapis.com/charts
  version: 1.25.2
digest: sha256:0c21b1ec956052294bab90217e2840cea645ff6f7dea266138e90170164e4f02
generated: "2025-04-22T00:03:46.300898322+02:00"
